lockfileVersion: '9.0'

settings:
  autoInstallPeers: true
  excludeLinksFromLockfile: false

importers:

  .:
    dependencies:
      child_process:
        specifier: ^1.0.2
        version: 1.0.2
      fs:
        specifier: 0.0.1-security
        version: 0.0.1-security
      fs-extra:
        specifier: ^11.3.0
        version: 11.3.0
      path:
        specifier: ^0.12.7
        version: 0.12.7
      redis:
        specifier: ^4.7.0
        version: 4.7.0
    devDependencies:
      '@types/fs-extra':
        specifier: ^11.0.4
        version: 11.0.4

packages:

  '@redis/bloom@1.2.0':
    resolution: {integrity: sha512-HG2DFjYKbpNmVXsa0keLHp/3leGJz1mjh09f2RLGGLQZzSHpkmZWuwJbAvo3QcRY8p80m5+ZdXZdYOSBLlp7Cg==}
    peerDependencies:
      '@redis/client': ^1.0.0

  '@redis/client@1.6.0':
    resolution: {integrity: sha512-aR0uffYI700OEEH4gYnitAnv3vzVGXCFvYfdpu/CJKvk4pHfLPEy/JSZyrpQ+15WhXe1yJRXLtfQ84s4mEXnPg==}
    engines: {node: '>=14'}

  '@redis/graph@1.1.1':
    resolution: {integrity: sha512-FEMTcTHZozZciLRl6GiiIB4zGm5z5F3F6a6FZCyrfxdKOhFlGkiAqlexWMBzCi4DcRoyiOsuLfW+cjlGWyExOw==}
    peerDependencies:
      '@redis/client': ^1.0.0

  '@redis/json@1.0.7':
    resolution: {integrity: sha512-6UyXfjVaTBTJtKNG4/9Z8PSpKE6XgSyEb8iwaqDcy+uKrd/DGYHTWkUdnQDyzm727V7p21WUMhsqz5oy65kPcQ==}
    peerDependencies:
      '@redis/client': ^1.0.0

  '@redis/search@1.2.0':
    resolution: {integrity: sha512-tYoDBbtqOVigEDMAcTGsRlMycIIjwMCgD8eR2t0NANeQmgK/lvxNAvYyb6bZDD4frHRhIHkJu2TBRvB0ERkOmw==}
    peerDependencies:
      '@redis/client': ^1.0.0

  '@redis/time-series@1.1.0':
    resolution: {integrity: sha512-c1Q99M5ljsIuc4YdaCwfUEXsofakb9c8+Zse2qxTadu8TalLXuAESzLvFAvNVbkmSlvlzIQOLpBCmWI9wTOt+g==}
    peerDependencies:
      '@redis/client': ^1.0.0

  '@types/fs-extra@11.0.4':
    resolution: {integrity: sha512-yTbItCNreRooED33qjunPthRcSjERP1r4MqCZc7wv0u2sUkzTFp45tgUfS5+r7FrZPdmCCNflLhVSP/o+SemsQ==}

  '@types/jsonfile@6.1.4':
    resolution: {integrity: sha512-D5qGUYwjvnNNextdU59/+fI+spnwtTFmyQP0h+PfIOSkNfpU6AOICUOkm4i0OnSk+NyjdPJrxCDro0sJsWlRpQ==}

  '@types/node@22.14.1':
    resolution: {integrity: sha512-u0HuPQwe/dHrItgHHpmw3N2fYCR6x4ivMNbPHRkBVP4CvN+kiRrKHWk3i8tXiO/joPwXLMYvF9TTF0eqgHIuOw==}

  child_process@1.0.2:
    resolution: {integrity: sha512-Wmza/JzL0SiWz7kl6MhIKT5ceIlnFPJX+lwUGj7Clhy5MMldsSoJR0+uvRzOS5Kv45Mq7t1PoE8TsOA9bzvb6g==}

  cluster-key-slot@1.1.2:
    resolution: {integrity: sha512-RMr0FhtfXemyinomL4hrWcYJxmX6deFdCxpJzhDttxgO1+bcCnkk+9drydLVDmAMG7NE6aN/fl4F7ucU/90gAA==}
    engines: {node: '>=0.10.0'}

  fs-extra@11.3.0:
    resolution: {integrity: sha512-Z4XaCL6dUDHfP/jT25jJKMmtxvuwbkrD1vNSMFlo9lNLY2c5FHYSQgHPRZUjAB26TpDEoW9HCOgplrdbaPV/ew==}
    engines: {node: '>=14.14'}

  fs@0.0.1-security:
    resolution: {integrity: sha512-3XY9e1pP0CVEUCdj5BmfIZxRBTSDycnbqhIOGec9QYtmVH2fbLpj86CFWkrNOkt/Fvty4KZG5lTglL9j/gJ87w==}

  generic-pool@3.9.0:
    resolution: {integrity: sha512-hymDOu5B53XvN4QT9dBmZxPX4CWhBPPLguTZ9MMFeFa/Kg0xWVfylOVNlJji/E7yTZWFd/q9GO5TxDLq156D7g==}
    engines: {node: '>= 4'}

  graceful-fs@4.2.11:
    resolution: {integrity: sha512-RbJ5/jmFcNNCcDV5o9eTnBLJ/HszWV0P73bc+Ff4nS/rJj+YaS6IGyiOL0VoBYX+l1Wrl3k63h/KrH+nhJ0XvQ==}

  inherits@2.0.3:
    resolution: {integrity: sha512-x00IRNXNy63jwGkJmzPigoySHbaqpNuzKbBOmzK+g2OdZpQ9w+sxCN+VSB3ja7IAge2OP2qpfxTjeNcyjmW1uw==}

  jsonfile@6.1.0:
    resolution: {integrity: sha512-5dgndWOriYSm5cnYaJNhalLNDKOqFwyDB/rr1E9ZsGciGvKPs8R2xYGCacuf3z6K1YKDz182fd+fY3cn3pMqXQ==}

  path@0.12.7:
    resolution: {integrity: sha512-aXXC6s+1w7otVF9UletFkFcDsJeO7lSZBPUQhtb5O0xJe8LtYhj/GxldoL09bBj9+ZmE2hNoHqQSFMN5fikh4Q==}

  process@0.11.10:
    resolution: {integrity: sha512-cdGef/drWFoydD1JsMzuFf8100nZl+GT+yacc2bEced5f9Rjk4z+WtFUTBu9PhOi9j/jfmBPu0mMEY4wIdAF8A==}
    engines: {node: '>= 0.6.0'}

  redis@4.7.0:
    resolution: {integrity: sha512-zvmkHEAdGMn+hMRXuMBtu4Vo5P6rHQjLoHftu+lBqq8ZTA3RCVC/WzD790bkKKiNFp7d5/9PcSD19fJyyRvOdQ==}

  undici-types@6.21.0:
    resolution: {integrity: sha512-iwDZqg0QAGrg9Rav5H4n0M64c3mkR59cJ6wQp+7C4nI0gsmExaedaYLNO44eT4AtBBwjbTiGPMlt2Md0T9H9JQ==}

  universalify@2.0.1:
    resolution: {integrity: sha512-gptHNQghINnc/vTGIk0SOFGFNXw7JVrlRUtConJRlvaw6DuX0wO5Jeko9sWrMBhh+PsYAZ7oXAiOnf/UKogyiw==}
    engines: {node: '>= 10.0.0'}

  util@0.10.4:
    resolution: {integrity: sha512-0Pm9hTQ3se5ll1XihRic3FDIku70C+iHUdT/W926rSgHV5QgXsYbKZN8MSC3tJtSkhuROzvsQjAaFENRXr+19A==}

  yallist@4.0.0:
    resolution: {integrity: sha512-3wdGidZyq5PB084XLES5TpOSRA3wjXAlIWMhum2kRcv/41Sn2emQ0dycQW4uZXLejwKvg6EsvbdlVL+FYEct7A==}

snapshots:

  '@redis/bloom@1.2.0(@redis/client@1.6.0)':
    dependencies:
      '@redis/client': 1.6.0

  '@redis/client@1.6.0':
    dependencies:
      cluster-key-slot: 1.1.2
      generic-pool: 3.9.0
      yallist: 4.0.0

  '@redis/graph@1.1.1(@redis/client@1.6.0)':
    dependencies:
      '@redis/client': 1.6.0

  '@redis/json@1.0.7(@redis/client@1.6.0)':
    dependencies:
      '@redis/client': 1.6.0

  '@redis/search@1.2.0(@redis/client@1.6.0)':
    dependencies:
      '@redis/client': 1.6.0

  '@redis/time-series@1.1.0(@redis/client@1.6.0)':
    dependencies:
      '@redis/client': 1.6.0

  '@types/fs-extra@11.0.4':
    dependencies:
      '@types/jsonfile': 6.1.4
      '@types/node': 22.14.1

  '@types/jsonfile@6.1.4':
    dependencies:
      '@types/node': 22.14.1

  '@types/node@22.14.1':
    dependencies:
      undici-types: 6.21.0

  child_process@1.0.2: {}

  cluster-key-slot@1.1.2: {}

  fs-extra@11.3.0:
    dependencies:
      graceful-fs: 4.2.11
      jsonfile: 6.1.0
      universalify: 2.0.1

  fs@0.0.1-security: {}

  generic-pool@3.9.0: {}

  graceful-fs@4.2.11: {}

  inherits@2.0.3: {}

  jsonfile@6.1.0:
    dependencies:
      universalify: 2.0.1
    optionalDependencies:
      graceful-fs: 4.2.11

  path@0.12.7:
    dependencies:
      process: 0.11.10
      util: 0.10.4

  process@0.11.10: {}

  redis@4.7.0:
    dependencies:
      '@redis/bloom': 1.2.0(@redis/client@1.6.0)
      '@redis/client': 1.6.0
      '@redis/graph': 1.1.1(@redis/client@1.6.0)
      '@redis/json': 1.0.7(@redis/client@1.6.0)
      '@redis/search': 1.2.0(@redis/client@1.6.0)
      '@redis/time-series': 1.1.0(@redis/client@1.6.0)

  undici-types@6.21.0: {}

  universalify@2.0.1: {}

  util@0.10.4:
    dependencies:
      inherits: 2.0.3

  yallist@4.0.0: {}
